<?xml version="1.0" encoding="utf-8"?>
<Project ToolsVersion="4.0" xmlns="http://schemas.microsoft.com/developer/msbuild/2003">
  <ItemGroup>
    <Filter Include="Framework">
      <UniqueIdentifier>{c211fdac-2b18-4784-bf77-270bec639b68}</UniqueIdentifier>
    </Filter>
    <Filter Include="Development">
      <UniqueIdentifier>{e552e2e3-ef9f-4ec3-b2e0-d32668f39cb5}</UniqueIdentifier>
    </Filter>
    <Filter Include="Framework\_ThirdParty">
      <UniqueIdentifier>{24cb7110-3619-4716-bba6-03607fca019e}</UniqueIdentifier>
    </Filter>
    <Filter Include="Main">
      <UniqueIdentifier>{3f3090f4-650c-41ee-937f-6438b1dcb3d0}</UniqueIdentifier>
    </Filter>
    <Filter Include="Framework\_MyUtils">
      <UniqueIdentifier>{ee005e60-a311-4fef-a228-f27e3a9e3ac7}</UniqueIdentifier>
    </Filter>
    <Filter Include="Development\Scenes">
      <UniqueIdentifier>{bec1d83e-1091-44ea-8466-fe1e747997e8}</UniqueIdentifier>
    </Filter>
    <Filter Include="Development\Objects">
      <UniqueIdentifier>{97cf505e-1d03-4a1a-8c53-b1e5a7ef5296}</UniqueIdentifier>
    </Filter>
    <Filter Include="Development\Manager">
      <UniqueIdentifier>{91d35982-a90a-4d1c-9b6b-c9f02a5235d3}</UniqueIdentifier>
    </Filter>
    <Filter Include="Framework\ResourceManagers">
      <UniqueIdentifier>{c7481584-ff8b-4a74-83c5-b5775ef315b9}</UniqueIdentifier>
    </Filter>
    <Filter Include="Framework\ResourceComponents">
      <UniqueIdentifier>{f411ea0c-66f5-4c3c-a94d-bc40b0869dd9}</UniqueIdentifier>
    </Filter>
    <Filter Include="Framework\BaseObjects">
      <UniqueIdentifier>{87b46ef5-c3d6-43c5-a66d-27918b3079c1}</UniqueIdentifier>
    </Filter>
    <Filter Include="Framework\GameControllers">
      <UniqueIdentifier>{aaf61b66-f7e6-4011-ade9-c1274136799a}</UniqueIdentifier>
    </Filter>
  </ItemGroup>
  <ItemGroup>
    <ClCompile Include="WinMain.cpp">
      <Filter>Main</Filter>
    </ClCompile>
    <ClCompile Include="pch.cpp">
      <Filter>Main</Filter>
    </ClCompile>
    <ClCompile Include="..\Dependencies\JsonCpp\jsoncpp.cpp">
      <Filter>Framework\_ThirdParty</Filter>
    </ClCompile>
    <ClCompile Include="SceneManager.cpp">
      <Filter>Development\Manager</Filter>
    </ClCompile>
    <ClCompile Include="Grid.cpp">
      <Filter>Development\Manager</Filter>
    </ClCompile>
    <ClCompile Include="..\Dependencies\DirectX SDK\Sound Util\dsutil.cpp">
      <Filter>Framework\_ThirdParty</Filter>
    </ClCompile>
    <ClCompile Include="Map.cpp">
      <Filter>Development\Manager</Filter>
    </ClCompile>
    <ClCompile Include="GreetingScene.cpp">
      <Filter>Development\Scenes</Filter>
    </ClCompile>
    <ClCompile Include="TransitionScene.cpp">
      <Filter>Development\Scenes</Filter>
    </ClCompile>
    <ClCompile Include="Settings.cpp">
      <Filter>Development\Manager</Filter>
    </ClCompile>
    <ClCompile Include="Font.cpp">
      <Filter>Framework\ResourceComponents</Filter>
    </ClCompile>
    <ClCompile Include="Animation.cpp">
      <Filter>Framework\ResourceComponents</Filter>
    </ClCompile>
    <ClCompile Include="Sprite.cpp">
      <Filter>Framework\ResourceComponents</Filter>
    </ClCompile>
    <ClCompile Include="Sounds.cpp">
      <Filter>Framework\ResourceManagers</Filter>
    </ClCompile>
    <ClCompile Include="Sprites.cpp">
      <Filter>Framework\ResourceManagers</Filter>
    </ClCompile>
    <ClCompile Include="Textures.cpp">
      <Filter>Framework\ResourceManagers</Filter>
    </ClCompile>
    <ClCompile Include="KeyCodeFonts.cpp">
      <Filter>Framework\ResourceManagers</Filter>
    </ClCompile>
    <ClCompile Include="VisibleObject.cpp">
      <Filter>Framework\BaseObjects</Filter>
    </ClCompile>
    <ClCompile Include="GameObject.cpp">
      <Filter>Framework\BaseObjects</Filter>
    </ClCompile>
    <ClCompile Include="InvisibleObject.cpp">
      <Filter>Framework\BaseObjects</Filter>
    </ClCompile>
    <ClCompile Include="AbstractScene.cpp">
      <Filter>Framework\GameControllers</Filter>
    </ClCompile>
    <ClCompile Include="Camera.cpp">
      <Filter>Framework\GameControllers</Filter>
    </ClCompile>
    <ClCompile Include="Collision.cpp">
      <Filter>Framework\GameControllers</Filter>
    </ClCompile>
    <ClCompile Include="DebugDraw.cpp">
      <Filter>Framework\GameControllers</Filter>
    </ClCompile>
    <ClCompile Include="Game.cpp">
      <Filter>Framework\GameControllers</Filter>
    </ClCompile>
    <ClCompile Include="Window.cpp">
      <Filter>Framework\GameControllers</Filter>
    </ClCompile>
    <ClCompile Include="Captain.cpp">
      <Filter>Development\Objects</Filter>
    </ClCompile>
    <ClCompile Include="CharlestonScene.cpp">
      <Filter>Development\Scenes</Filter>
    </ClCompile>
    <ClCompile Include="BossCharlestonScene.cpp">
      <Filter>Development\Scenes</Filter>
    </ClCompile>
    <ClCompile Include="PittsburghScene.cpp">
      <Filter>Development\Scenes</Filter>
    </ClCompile>
  </ItemGroup>
  <ItemGroup>
    <ClInclude Include="pch.h">
      <Filter>Main</Filter>
    </ClInclude>
    <ClInclude Include="DebugOut.h">
      <Filter>Framework\_MyUtils</Filter>
    </ClInclude>
    <ClInclude Include="GameTimer.h">
      <Filter>Framework\_MyUtils</Filter>
    </ClInclude>
    <ClInclude Include="MyException.h">
      <Filter>Framework\_MyUtils</Filter>
    </ClInclude>
    <ClInclude Include="Rect.h">
      <Filter>Framework\_MyUtils</Filter>
    </ClInclude>
    <ClInclude Include="RectF.h">
      <Filter>Framework\_MyUtils</Filter>
    </ClInclude>
    <ClInclude Include="Vector2.h">
      <Filter>Framework\_MyUtils</Filter>
    </ClInclude>
    <ClInclude Include="SceneManager.h">
      <Filter>Development\Manager</Filter>
    </ClInclude>
    <ClInclude Include="enums.h">
      <Filter>Development\Manager</Filter>
    </ClInclude>
    <ClInclude Include="Grid.h">
      <Filter>Development\Manager</Filter>
    </ClInclude>
    <ClInclude Include="Random.h">
      <Filter>Framework\_MyUtils</Filter>
    </ClInclude>
    <ClInclude Include="Utils.h">
      <Filter>Framework\_MyUtils</Filter>
    </ClInclude>
    <ClInclude Include="Map.h">
      <Filter>Development\Manager</Filter>
    </ClInclude>
    <ClInclude Include="GreetingScene.h">
      <Filter>Development\Scenes</Filter>
    </ClInclude>
    <ClInclude Include="TransitionScene.h">
      <Filter>Development\Scenes</Filter>
    </ClInclude>
    <ClInclude Include="Colors.h">
      <Filter>Framework\_MyUtils</Filter>
    </ClInclude>
    <ClInclude Include="Settings.h">
      <Filter>Development\Manager</Filter>
    </ClInclude>
    <ClInclude Include="Sprites.h">
      <Filter>Framework\ResourceManagers</Filter>
    </ClInclude>
    <ClInclude Include="Sounds.h">
      <Filter>Framework\ResourceManagers</Filter>
    </ClInclude>
    <ClInclude Include="Animation.h">
      <Filter>Framework\ResourceComponents</Filter>
    </ClInclude>
    <ClInclude Include="Font.h">
      <Filter>Framework\ResourceComponents</Filter>
    </ClInclude>
    <ClInclude Include="KeyCodeFonts.h">
      <Filter>Framework\ResourceManagers</Filter>
    </ClInclude>
    <ClInclude Include="Textures.h">
      <Filter>Framework\ResourceManagers</Filter>
    </ClInclude>
    <ClInclude Include="Sprite.h">
      <Filter>Framework\ResourceComponents</Filter>
    </ClInclude>
    <ClInclude Include="GameObject.h">
      <Filter>Framework\BaseObjects</Filter>
    </ClInclude>
    <ClInclude Include="InvisibleObject.h">
      <Filter>Framework\BaseObjects</Filter>
    </ClInclude>
    <ClInclude Include="VisibleObject.h">
      <Filter>Framework\BaseObjects</Filter>
    </ClInclude>
    <ClInclude Include="AbstractScene.h">
      <Filter>Framework\GameControllers</Filter>
    </ClInclude>
    <ClInclude Include="Camera.h">
      <Filter>Framework\GameControllers</Filter>
    </ClInclude>
    <ClInclude Include="Collision.h">
      <Filter>Framework\GameControllers</Filter>
    </ClInclude>
    <ClInclude Include="DebugDraw.h">
      <Filter>Framework\GameControllers</Filter>
    </ClInclude>
    <ClInclude Include="Game.h">
      <Filter>Framework\GameControllers</Filter>
    </ClInclude>
    <ClInclude Include="Window.h">
      <Filter>Framework\GameControllers</Filter>
    </ClInclude>
    <ClInclude Include="Captain.h">
      <Filter>Development\Objects</Filter>
    </ClInclude>
    <ClInclude Include="CharlestonScene.h">
      <Filter>Development\Scenes</Filter>
    </ClInclude>
    <ClInclude Include="BossCharlestonScene.h">
      <Filter>Development\Scenes</Filter>
    </ClInclude>
    <ClInclude Include="PittsburghScene.h">
      <Filter>Development\Scenes</Filter>
    </ClInclude>
  </ItemGroup>
</Project>